{
  "name": "zvx",
  "lockfileVersion": 3,
  "requires": true,
  "packages": {
    "": {
      "devDependencies": {
        "eruda": "^3.2.1"
      }
    },
    "node_modules/eruda": {
      "version": "3.2.1",
      "resolved": "https://registry.npmjs.org/eruda/-/eruda-3.2.1.tgz",
      "integrity": "sha512-iophjRvysx2ndIhqos+WpGUpou0BHGZOYcLld8oB65oH9+Cz7FExC5xEJ/ulzxpWoqw4Kh8gM7spuaGJhz0UeA==",
      "dev": true,
      "license": "MIT"
    }
  }
}
